
Microsoft Visual Studio Solution File, Format Version 12.00
# Visual Studio 15
VisualStudioVersion = 15.0.28307.572
MinimumVisualStudioVersion = 10.0.40219.1
Project("{FAE04EC0-301F-11D3-BF4B-00C04F79EFBC}") = "WindowsFormsApp1", "WindowsFormsApp1\WindowsFormsApp1.csproj", "{CD34B15F-5A2D-4074-AF29-146DEB1E1F33}"
EndProject
Global
	GlobalSection(SolutionConfigurationPlatforms) = preSolution
		Debug|Any CPU = Debug|Any CPU
		Release|Any CPU = Release|Any CPU
	EndGlobalSection
	GlobalSection(ProjectConfigurationPlatforms) = postSolution
		{CD34B15F-5A2D-4074-AF29-146DEB1E1F33}.Debug|Any CPU.ActiveCfg = Debug|Any CPU
		{CD34B15F-5A2D-4074-AF29-146DEB1E1F33}.Debug|Any CPU.Build.0 = Debug|Any CPU
		{CD34B15F-5A2D-4074-AF29-146DEB1E1F33}.Release|Any CPU.ActiveCfg = Release|Any CPU
		{CD34B15F-5A2D-4074-AF29-146DEB1E1F33}.Release|Any CPU.Build.0 = Release|Any CPU
	EndGlobalSection
	GlobalSection(SolutionProperties) = preSolution
		HideSolutionNode = FALSE
	EndGlobalSection
	GlobalSection(ExtensibilityGlobals) = postSolution
		SolutionGuid = {325E1AC5-B6A2-4336-B974-62F365E28C9E}
	EndGlobalSection
EndGlobal
